
Microsoft Visual Studio Solution File, Format Version 12.00
# Visual Studio Version 16
VisualStudioVersion = 16.0.36631.11
MinimumVisualStudioVersion = 10.0.40219.1
Project("{FAE04EC0-301F-11D3-BF4B-00C04F79EFBC}") = "Bouncing_Balls", "Bouncing_Balls\Bouncing_Balls.csproj", "{F0803C0F-4ED8-4964-A60E-FACA5038194E}"
EndProject
Global
	GlobalSection(SolutionConfigurationPlatforms) = preSolution
		Debug|Any CPU = Debug|Any CPU
		Release|Any CPU = Release|Any CPU
	EndGlobalSection
	GlobalSection(ProjectConfigurationPlatforms) = postSolution
		{F0803C0F-4ED8-4964-A60E-FACA5038194E}.Debug|Any CPU.ActiveCfg = Debug|Any CPU
		{F0803C0F-4ED8-4964-A60E-FACA5038194E}.Debug|Any CPU.Build.0 = Debug|Any CPU
		{F0803C0F-4ED8-4964-A60E-FACA5038194E}.Release|Any CPU.ActiveCfg = Release|Any CPU
		{F0803C0F-4ED8-4964-A60E-FACA5038194E}.Release|Any CPU.Build.0 = Release|Any CPU
	EndGlobalSection
	GlobalSection(SolutionProperties) = preSolution
		HideSolutionNode = FALSE
	EndGlobalSection
	GlobalSection(ExtensibilityGlobals) = postSolution
		SolutionGuid = {C66A5D4D-C77B-4CAE-BFDC-61E1EB59613E}
	EndGlobalSection
EndGlobal
