
Microsoft Visual Studio Solution File, Format Version 12.00
# Visual Studio Version 16
VisualStudioVersion = 16.0.36631.11
MinimumVisualStudioVersion = 10.0.40219.1
Project("{FAE04EC0-301F-11D3-BF4B-00C04F79EFBC}") = "buttons", "buttons\buttons.csproj", "{BBF3532F-1829-463B-9790-DA5D70AF1FE2}"
EndProject
Global
	GlobalSection(SolutionConfigurationPlatforms) = preSolution
		Debug|Any CPU = Debug|Any CPU
		Release|Any CPU = Release|Any CPU
	EndGlobalSection
	GlobalSection(ProjectConfigurationPlatforms) = postSolution
		{BBF3532F-1829-463B-9790-DA5D70AF1FE2}.Debug|Any CPU.ActiveCfg = Debug|Any CPU
		{BBF3532F-1829-463B-9790-DA5D70AF1FE2}.Debug|Any CPU.Build.0 = Debug|Any CPU
		{BBF3532F-1829-463B-9790-DA5D70AF1FE2}.Release|Any CPU.ActiveCfg = Release|Any CPU
		{BBF3532F-1829-463B-9790-DA5D70AF1FE2}.Release|Any CPU.Build.0 = Release|Any CPU
	EndGlobalSection
	GlobalSection(SolutionProperties) = preSolution
		HideSolutionNode = FALSE
	EndGlobalSection
	GlobalSection(ExtensibilityGlobals) = postSolution
		SolutionGuid = {06CA1B2E-F655-4EAC-847A-878E2EF477A5}
	EndGlobalSection
EndGlobal
